// !$*UTF8*$!
{
	archiveVersion = 1;
	classes = {
	};
	objectVersion = 56;
	objects = {

/* Begin PBXBuildFile section */
		97C8018D2B1FFA03002EFD45 /* PostView.swift in Sources */ = {isa = PBXBuildFile; fileRef = 97C8018C2B1FFA03002EFD45 /* PostView.swift */; };
		97F832392B1F656600795B50 /* IGCloneApp.swift in Sources */ = {isa = PBXBuildFile; fileRef = 97F832382B1F656600795B50 /* IGCloneApp.swift */; };
		97F8323B2B1F656600795B50 /* ContentView.swift in Sources */ = {isa = PBXBuildFile; fileRef = 97F8323A2B1F656600795B50 /* ContentView.swift */; };
		97F8323D2B1F656900795B50 /* Assets.xcassets in Resources */ = {isa = PBXBuildFile; fileRef = 97F8323C2B1F656900795B50 /* Assets.xcassets */; };
		97F832402B1F656900795B50 /* Preview Assets.xcassets in Resources */ = {isa = PBXBuildFile; fileRef = 97F8323F2B1F656900795B50 /* Preview Assets.xcassets */; };
		97F832472B1F658900795B50 /* Home.swift in Sources */ = {isa = PBXBuildFile; fileRef = 97F832462B1F658900795B50 /* Home.swift */; };
		97F8324B2B1F65B200795B50 /* Story.swift in Sources */ = {isa = PBXBuildFile; fileRef = 97F8324A2B1F65B200795B50 /* Story.swift */; };
		97F8324D2B1F66DE00795B50 /* UserStoryModel.swift in Sources */ = {isa = PBXBuildFile; fileRef = 97F8324C2B1F66DE00795B50 /* UserStoryModel.swift */; };
		97F8324F2B1F6DE400795B50 /* Post.swift in Sources */ = {isa = PBXBuildFile; fileRef = 97F8324E2B1F6DE400795B50 /* Post.swift */; };
		97F832512B1F6DF400795B50 /* UserPostModel.swift in Sources */ = {isa = PBXBuildFile; fileRef = 97F832502B1F6DF400795B50 /* UserPostModel.swift */; };
		97F832532B1F7AC500795B50 /* PostListModel.swift in Sources */ = {isa = PBXBuildFile; fileRef = 97F832522B1F7AC500795B50 /* PostListModel.swift */; };
/* End PBXBuildFile section */

/* Begin PBXFileReference section */
		97C8018C2B1FFA03002EFD45 /* PostView.swift */ = {isa = PBXFileReference; lastKnownFileType = sourcecode.swift; path = PostView.swift; sourceTree = "<group>"; };
		97F832352B1F656600795B50 /* IGClone.app */ = {isa = PBXFileReference; explicitFileType = wrapper.application; includeInIndex = 0; path = IGClone.app; sourceTree = BUILT_PRODUCTS_DIR; };
		97F832382B1F656600795B50 /* IGCloneApp.swift */ = {isa = PBXFileReference; lastKnownFileType = sourcecode.swift; path = IGCloneApp.swift; sourceTree = "<group>"; };
		97F8323A2B1F656600795B50 /* ContentView.swift */ = {isa = PBXFileReference; lastKnownFileType = sourcecode.swift; path = ContentView.swift; sourceTree = "<group>"; };
		97F8323C2B1F656900795B50 /* Assets.xcassets */ = {isa = PBXFileReference; lastKnownFileType = folder.assetcatalog; path = Assets.xcassets; sourceTree = "<group>"; };
		97F8323F2B1F656900795B50 /* Preview Assets.xcassets */ = {isa = PBXFileReference; lastKnownFileType = folder.assetcatalog; path = "Preview Assets.xcassets"; sourceTree = "<group>"; };
		97F832462B1F658900795B50 /* Home.swift */ = {isa = PBXFileReference; lastKnownFileType = sourcecode.swift; path = Home.swift; sourceTree = "<group>"; };
		97F8324A2B1F65B200795B50 /* Story.swift */ = {isa = PBXFileReference; lastKnownFileType = sourcecode.swift; path = Story.swift; sourceTree = "<group>"; };
		97F8324C2B1F66DE00795B50 /* UserStoryModel.swift */ = {isa = PBXFileReference; lastKnownFileType = sourcecode.swift; path = UserStoryModel.swift; sourceTree = "<group>"; };
		97F8324E2B1F6DE400795B50 /* Post.swift */ = {isa = PBXFileReference; lastKnownFileType = sourcecode.swift; path = Post.swift; sourceTree = "<group>"; };
		97F832502B1F6DF400795B50 /* UserPostModel.swift */ = {isa = PBXFileReference; lastKnownFileType = sourcecode.swift; path = UserPostModel.swift; sourceTree = "<group>"; };
		97F832522B1F7AC500795B50 /* PostListModel.swift */ = {isa = PBXFileReference; lastKnownFileType = sourcecode.swift; path = PostListModel.swift; sourceTree = "<group>"; };
/* End PBXFileReference section */

/* Begin PBXFrameworksBuildPhase section */
		97F832322B1F656600795B50 /* Frameworks */ = {
			isa = PBXFrameworksBuildPhase;
			buildActionMask = 2147483647;
			files = (
			);
			runOnlyForDeploymentPostprocessing = 0;
		};
/* End PBXFrameworksBuildPhase section */

/* Begin PBXGroup section */
		970D414D2B202056005AC444 /* HomeGroup */ = {
			isa = PBXGroup;
			children = (
				97F832462B1F658900795B50 /* Home.swift */,
				97F8324E2B1F6DE400795B50 /* Post.swift */,
				97F8324A2B1F65B200795B50 /* Story.swift */,
				97C8018C2B1FFA03002EFD45 /* PostView.swift */,
			);
			path = HomeGroup;
			sourceTree = "<group>";
		};
		97F8322C2B1F656600795B50 = {
			isa = PBXGroup;
			children = (
				97F832372B1F656600795B50 /* IGClone */,
				97F832362B1F656600795B50 /* Products */,
			);
			sourceTree = "<group>";
		};
		97F832362B1F656600795B50 /* Products */ = {
			isa = PBXGroup;
			children = (
				97F832352B1F656600795B50 /* IGClone.app */,
			);
			name = Products;
			sourceTree = "<group>";
		};
		97F832372B1F656600795B50 /* IGClone */ = {
			isa = PBXGroup;
			children = (
				97F832382B1F656600795B50 /* IGCloneApp.swift */,
				97F8323A2B1F656600795B50 /* ContentView.swift */,
				97F832492B1F659900795B50 /* Model */,
				97F832482B1F658E00795B50 /* Views */,
				97F8323C2B1F656900795B50 /* Assets.xcassets */,
				97F8323E2B1F656900795B50 /* Preview Content */,
			);
			path = IGClone;
			sourceTree = "<group>";
		};
		97F8323E2B1F656900795B50 /* Preview Content */ = {
			isa = PBXGroup;
			children = (
				97F8323F2B1F656900795B50 /* Preview Assets.xcassets */,
			);
			path = "Preview Content";
			sourceTree = "<group>";
		};
		97F832482B1F658E00795B50 /* Views */ = {
			isa = PBXGroup;
			children = (
				970D414D2B202056005AC444 /* HomeGroup */,
			);
			path = Views;
			sourceTree = "<group>";
		};
		97F832492B1F659900795B50 /* Model */ = {
			isa = PBXGroup;
			children = (
				97F8324C2B1F66DE00795B50 /* UserStoryModel.swift */,
				97F832502B1F6DF400795B50 /* UserPostModel.swift */,
				97F832522B1F7AC500795B50 /* PostListModel.swift */,
			);
			path = Model;
			sourceTree = "<group>";
		};
/* End PBXGroup section */

/* Begin PBXNativeTarget section */
		97F832342B1F656600795B50 /* IGClone */ = {
			isa = PBXNativeTarget;
			buildConfigurationList = 97F832432B1F656900795B50 /* Build configuration list for PBXNativeTarget "IGClone" */;
			buildPhases = (
				97F832312B1F656600795B50 /* Sources */,
				97F832322B1F656600795B50 /* Frameworks */,
				97F832332B1F656600795B50 /* Resources */,
			);
			buildRules = (
			);
			dependencies = (
			);
			name = IGClone;
			productName = IGClone;
			productReference = 97F832352B1F656600795B50 /* IGClone.app */;
			productType = "com.apple.product-type.application";
		};
/* End PBXNativeTarget section */

/* Begin PBXProject section */
		97F8322D2B1F656600795B50 /* Project object */ = {
			isa = PBXProject;
			attributes = {
				BuildIndependentTargetsInParallel = 1;
				LastSwiftUpdateCheck = 1500;
				LastUpgradeCheck = 1500;
				TargetAttributes = {
					97F832342B1F656600795B50 = {
						CreatedOnToolsVersion = 15.0.1;
					};
				};
			};
			buildConfigurationList = 97F832302B1F656600795B50 /* Build configuration list for PBXProject "IGClone" */;
			compatibilityVersion = "Xcode 14.0";
			developmentRegion = en;
			hasScannedForEncodings = 0;
			knownRegions = (
				en,
				Base,
			);
			mainGroup = 97F8322C2B1F656600795B50;
			productRefGroup = 97F832362B1F656600795B50 /* Products */;
			projectDirPath = "";
			projectRoot = "";
			targets = (
				97F832342B1F656600795B50 /* IGClone */,
			);
		};
/* End PBXProject section */

/* Begin PBXResourcesBuildPhase section */
		97F832332B1F656600795B50 /* Resources */ = {
			isa = PBXResourcesBuildPhase;
			buildActionMask = 2147483647;
			files = (
				97F832402B1F656900795B50 /* Preview Assets.xcassets in Resources */,
				97F8323D2B1F656900795B50 /* Assets.xcassets in Resources */,
			);
			runOnlyForDeploymentPostprocessing = 0;
		};
/* End PBXResourcesBuildPhase section */

/* Begin PBXSourcesBuildPhase section */
		97F832312B1F656600795B50 /* Sources */ = {
			isa = PBXSourcesBuildPhase;
			buildActionMask = 2147483647;
			files = (
				97F8323B2B1F656600795B50 /* ContentView.swift in Sources */,
				97F832532B1F7AC500795B50 /* PostListModel.swift in Sources */,
				97F832472B1F658900795B50 /* Home.swift in Sources */,
				97F8324D2B1F66DE00795B50 /* UserStoryModel.swift in Sources */,
				97F832512B1F6DF400795B50 /* UserPostModel.swift in Sources */,
				97F8324F2B1F6DE400795B50 /* Post.swift in Sources */,
				97F832392B1F656600795B50 /* IGCloneApp.swift in Sources */,
				97C8018D2B1FFA03002EFD45 /* PostView.swift in Sources */,
				97F8324B2B1F65B200795B50 /* Story.swift in Sources */,
			);
			runOnlyForDeploymentPostprocessing = 0;
		};
/* End PBXSourcesBuildPhase section */

/* Begin XCBuildConfiguration section */
		97F832412B1F656900795B50 /* Debug */ = {
			isa = XCBuildConfiguration;
			buildSettings = {
				ALWAYS_SEARCH_USER_PATHS = NO;
				ASSETCATALOG_COMPILER_GENERATE_SWIFT_ASSET_SYMBOL_EXTENSIONS = YES;
				CLANG_ANALYZER_NONNULL = YES;
				CLANG_ANALYZER_NUMBER_OBJECT_CONVERSION = YES_AGGRESSIVE;
				CLANG_CXX_LANGUAGE_STANDARD = "gnu++20";
				CLANG_ENABLE_MODULES = YES;
				CLANG_ENABLE_OBJC_ARC = YES;
				CLANG_ENABLE_OBJC_WEAK = YES;
				CLANG_WARN_BLOCK_CAPTURE_AUTORELEASING = YES;
				CLANG_WARN_BOOL_CONVERSION = YES;
				CLANG_WARN_COMMA = YES;
				CLANG_WARN_CONSTANT_CONVERSION = YES;
				CLANG_WARN_DEPRECATED_OBJC_IMPLEMENTATIONS = YES;
				CLANG_WARN_DIRECT_OBJC_ISA_USAGE = YES_ERROR;
				CLANG_WARN_DOCUMENTATION_COMMENTS = YES;
				CLANG_WARN_EMPTY_BODY = YES;
				CLANG_WARN_ENUM_CONVERSION = YES;
				CLANG_WARN_INFINITE_RECURSION = YES;
				CLANG_WARN_INT_CONVERSION = YES;
				CLANG_WARN_NON_LITERAL_NULL_CONVERSION = YES;
				CLANG_WARN_OBJC_IMPLICIT_RETAIN_SELF = YES;
				CLANG_WARN_OBJC_LITERAL_CONVERSION = YES;
				CLANG_WARN_OBJC_ROOT_CLASS = YES_ERROR;
				CLANG_WARN_QUOTED_INCLUDE_IN_FRAMEWORK_HEADER = YES;
				CLANG_WARN_RANGE_LOOP_ANALYSIS = YES;
				CLANG_WARN_STRICT_PROTOTYPES = YES;
				CLANG_WARN_SUSPICIOUS_MOVE = YES;
				CLANG_WARN_UNGUARDED_AVAILABILITY = YES_AGGRESSIVE;
				CLANG_WARN_UNREACHABLE_CODE = YES;
				CLANG_WARN__DUPLICATE_METHOD_MATCH = YES;
				COPY_PHASE_STRIP = NO;
				DEBUG_INFORMATION_FORMAT = dwarf;
				ENABLE_STRICT_OBJC_MSGSEND = YES;
				ENABLE_TESTABILITY = YES;
				ENABLE_USER_SCRIPT_SANDBOXING = YES;
				GCC_C_LANGUAGE_STANDARD = gnu17;
				GCC_DYNAMIC_NO_PIC = NO;
				GCC_NO_COMMON_BLOCKS = YES;
				GCC_OPTIMIZATION_LEVEL = 0;
				GCC_PREPROCESSOR_DEFINITIONS = (
					"DEBUG=1",
					"$(inherited)",
				);
				GCC_WARN_64_TO_32_BIT_CONVERSION = YES;
				GCC_WARN_ABOUT_RETURN_TYPE = YES_ERROR;
				GCC_WARN_UNDECLARED_SELECTOR = YES;
				GCC_WARN_UNINITIALIZED_AUTOS = YES_AGGRESSIVE;
				GCC_WARN_UNUSED_FUNCTION = YES;
				GCC_WARN_UNUSED_VARIABLE = YES;
				IPHONEOS_DEPLOYMENT_TARGET = 17.0;
				LOCALIZATION_PREFERS_STRING_CATALOGS = YES;
				MTL_ENABLE_DEBUG_INFO = INCLUDE_SOURCE;
				MTL_FAST_MATH = YES;
				ONLY_ACTIVE_ARCH = YES;
				SDKROOT = iphoneos;
				SWIFT_ACTIVE_COMPILATION_CONDITIONS = "DEBUG $(inherited)";
				SWIFT_OPTIMIZATION_LEVEL = "-Onone";
			};
			name = Debug;
		};
		97F832422B1F656900795B50 /* Release */ = {
			isa = XCBuildConfiguration;
			buildSettings = {
				ALWAYS_SEARCH_USER_PATHS = NO;
				ASSETCATALOG_COMPILER_GENERATE_SWIFT_ASSET_SYMBOL_EXTENSIONS = YES;
				CLANG_ANALYZER_NONNULL = YES;
				CLANG_ANALYZER_NUMBER_OBJECT_CONVERSION = YES_AGGRESSIVE;
				CLANG_CXX_LANGUAGE_STANDARD = "gnu++20";
				CLANG_ENABLE_MODULES = YES;
				CLANG_ENABLE_OBJC_ARC = YES;
				CLANG_ENABLE_OBJC_WEAK = YES;
				CLANG_WARN_BLOCK_CAPTURE_AUTORELEASING = YES;
				CLANG_WARN_BOOL_CONVERSION = YES;
				CLANG_WARN_COMMA = YES;
				CLANG_WARN_CONSTANT_CONVERSION = YES;
				CLANG_WARN_DEPRECATED_OBJC_IMPLEMENTATIONS = YES;
				CLANG_WARN_DIRECT_OBJC_ISA_USAGE = YES_ERROR;
				CLANG_WARN_DOCUMENTATION_COMMENTS = YES;
				CLANG_WARN_EMPTY_BODY = YES;
				CLANG_WARN_ENUM_CONVERSION = YES;
				CLANG_WARN_INFINITE_RECURSION = YES;
				CLANG_WARN_INT_CONVERSION = YES;
				CLANG_WARN_NON_LITERAL_NULL_CONVERSION = YES;
				CLANG_WARN_OBJC_IMPLICIT_RETAIN_SELF = YES;
				CLANG_WARN_OBJC_LITERAL_CONVERSION = YES;
				CLANG_WARN_OBJC_ROOT_CLASS = YES_ERROR;
				CLANG_WARN_QUOTED_INCLUDE_IN_FRAMEWORK_HEADER = YES;
				CLANG_WARN_RANGE_LOOP_ANALYSIS = YES;
				CLANG_WARN_STRICT_PROTOTYPES = YES;
				CLANG_WARN_SUSPICIOUS_MOVE = YES;
				CLANG_WARN_UNGUARDED_AVAILABILITY = YES_AGGRESSIVE;
				CLANG_WARN_UNREACHABLE_CODE = YES;
				CLANG_WARN__DUPLICATE_METHOD_MATCH = YES;
				COPY_PHASE_STRIP = NO;
				DEBUG_INFORMATION_FORMAT = "dwarf-with-dsym";
				ENABLE_NS_ASSERTIONS = NO;
				ENABLE_STRICT_OBJC_MSGSEND = YES;
				ENABLE_USER_SCRIPT_SANDBOXING = YES;
				GCC_C_LANGUAGE_STANDARD = gnu17;
				GCC_NO_COMMON_BLOCKS = YES;
				GCC_WARN_64_TO_32_BIT_CONVERSION = YES;
				GCC_WARN_ABOUT_RETURN_TYPE = YES_ERROR;
				GCC_WARN_UNDECLARED_SELECTOR = YES;
				GCC_WARN_UNINITIALIZED_AUTOS = YES_AGGRESSIVE;
				GCC_WARN_UNUSED_FUNCTION = YES;
				GCC_WARN_UNUSED_VARIABLE = YES;
				IPHONEOS_DEPLOYMENT_TARGET = 17.0;
				LOCALIZATION_PREFERS_STRING_CATALOGS = YES;
				MTL_ENABLE_DEBUG_INFO = NO;
				MTL_FAST_MATH = YES;
				SDKROOT = iphoneos;
				SWIFT_COMPILATION_MODE = wholemodule;
				VALIDATE_PRODUCT = YES;
			};
			name = Release;
		};
		97F832442B1F656900795B50 /* Debug */ = {
			isa = XCBuildConfiguration;
			buildSettings = {
				ASSETCATALOG_COMPILER_APPICON_NAME = AppIcon;
				ASSETCATALOG_COMPILER_GLOBAL_ACCENT_COLOR_NAME = AccentColor;
				CODE_SIGN_STYLE = Automatic;
				CURRENT_PROJECT_VERSION = 1;
				DEVELOPMENT_ASSET_PATHS = "\"IGClone/Preview Content\"";
				DEVELOPMENT_TEAM = QJQ34B36FU;
				ENABLE_PREVIEWS = YES;
				GENERATE_INFOPLIST_FILE = YES;
				INFOPLIST_KEY_UIApplicationSceneManifest_Generation = YES;
				INFOPLIST_KEY_UIApplicationSupportsIndirectInputEvents = YES;
				INFOPLIST_KEY_UILaunchScreen_Generation = YES;
				INFOPLIST_KEY_UISupportedInterfaceOrientations_iPad = "UIInterfaceOrientationPortrait UIInterfaceOrientationPortraitUpsideDown UIInterfaceOrientationLandscapeLeft UIInterfaceOrientationLandscapeRight";
				INFOPLIST_KEY_UISupportedInterfaceOrientations_iPhone = "UIInterfaceOrientationPortrait UIInterfaceOrientationLandscapeLeft UIInterfaceOrientationLandscapeRight";
				LD_RUNPATH_SEARCH_PATHS = (
					"$(inherited)",
					"@executable_path/Frameworks",
				);
				MARKETING_VERSION = 1.0;
				PRODUCT_BUNDLE_IDENTIFIER = com.IGClone;
				PRODUCT_NAME = "$(TARGET_NAME)";
				SWIFT_EMIT_LOC_STRINGS = YES;
				SWIFT_VERSION = 5.0;
				TARGETED_DEVICE_FAMILY = "1,2";
			};
			name = Debug;
		};
		97F832452B1F656900795B50 /* Release */ = {
			isa = XCBuildConfiguration;
			buildSettings = {
				ASSETCATALOG_COMPILER_APPICON_NAME = AppIcon;
				ASSETCATALOG_COMPILER_GLOBAL_ACCENT_COLOR_NAME = AccentColor;
				CODE_SIGN_STYLE = Automatic;
				CURRENT_PROJECT_VERSION = 1;
				DEVELOPMENT_ASSET_PATHS = "\"IGClone/Preview Content\"";
				DEVELOPMENT_TEAM = QJQ34B36FU;
				ENABLE_PREVIEWS = YES;
				GENERATE_INFOPLIST_FILE = YES;
				INFOPLIST_KEY_UIApplicationSceneManifest_Generation = YES;
				INFOPLIST_KEY_UIApplicationSupportsIndirectInputEvents = YES;
				INFOPLIST_KEY_UILaunchScreen_Generation = YES;
				INFOPLIST_KEY_UISupportedInterfaceOrientations_iPad = "UIInterfaceOrientationPortrait UIInterfaceOrientationPortraitUpsideDown UIInterfaceOrientationLandscapeLeft UIInterfaceOrientationLandscapeRight";
				INFOPLIST_KEY_UISupportedInterfaceOrientations_iPhone = "UIInterfaceOrientationPortrait UIInterfaceOrientationLandscapeLeft UIInterfaceOrientationLandscapeRight";
				LD_RUNPATH_SEARCH_PATHS = (
					"$(inherited)",
					"@executable_path/Frameworks",
				);
				MARKETING_VERSION = 1.0;
				PRODUCT_BUNDLE_IDENTIFIER = com.IGClone;
				PRODUCT_NAME = "$(TARGET_NAME)";
				SWIFT_EMIT_LOC_STRINGS = YES;
				SWIFT_VERSION = 5.0;
				TARGETED_DEVICE_FAMILY = "1,2";
			};
			name = Release;
		};
/* End XCBuildConfiguration section */

/* Begin XCConfigurationList section */
		97F832302B1F656600795B50 /* Build configuration list for PBXProject "IGClone" */ = {
			isa = XCConfigurationList;
			buildConfigurations = (
				97F832412B1F656900795B50 /* Debug */,
				97F832422B1F656900795B50 /* Release */,
			);
			defaultConfigurationIsVisible = 0;
			defaultConfigurationName = Release;
		};
		97F832432B1F656900795B50 /* Build configuration list for PBXNativeTarget "IGClone" */ = {
			isa = XCConfigurationList;
			buildConfigurations = (
				97F832442B1F656900795B50 /* Debug */,
				97F832452B1F656900795B50 /* Release */,
			);
			defaultConfigurationIsVisible = 0;
			defaultConfigurationName = Release;
		};
/* End XCConfigurationList section */
	};
	rootObject = 97F8322D2B1F656600795B50 /* Project object */;
}
